
Microsoft Visual Studio Solution File, Format Version 12.00
# Visual Studio Version 17
VisualStudioVersion = 17.5.33502.453
MinimumVisualStudioVersion = 10.0.40219.1
Project("{8BC9CEB8-8B4A-11D0-8D11-00A0C91BC942}") = "ParadigmaOOP2", "ParadigmaOOP2\ParadigmaOOP2.vcxproj", "{E2533685-9A1D-4719-A302-421389D15A4B}"
EndProject
Project("{8BC9CEB8-8B4A-11D0-8D11-00A0C91BC942}") = "solveMultiwaris", "solveMultiwaris\solveMultiwaris.vcxproj", "{AAF18263-44FF-45AC-987F-7B1169D48904}"
EndProject
Project("{8BC9CEB8-8B4A-11D0-8D11-00A0C91BC942}") = "Polymorphism", "Polymorphism\Polymorphism.vcxproj", "{D338FD4E-167E-4932-BC4D-1F9CBDEC62F0}"
EndProject
Project("{8BC9CEB8-8B4A-11D0-8D11-00A0C91BC942}") = "Program noOverriding", "Program noOverriding\Program noOverriding.vcxproj", "{0F7FFE30-3DA9-4DB8-AAD5-2E53FF3FBF22}"
EndProject
Project("{8BC9CEB8-8B4A-11D0-8D11-00A0C91BC942}") = "Program noPewarisan", "Program noPewarisan\Program noPewarisan.vcxproj", "{9723F420-CF01-4762-A601-F3E7DC094C42}"
EndProject
Project("{8BC9CEB8-8B4A-11D0-8D11-00A0C91BC942}") = "Program enkapsulasi", "Program enkapsulasi\Program enkapsulasi.vcxproj", "{E8DA94AD-DE23-4121-80D4-56690FB44B34}"
EndProject
Global
	GlobalSection(SolutionConfigurationPlatforms) = preSolution
		Debug|x64 = Debug|x64
		Debug|x86 = Debug|x86
		Release|x64 = Release|x64
		Release|x86 = Release|x86
	EndGlobalSection
	GlobalSection(ProjectConfigurationPlatforms) = postSolution
		{E2533685-9A1D-4719-A302-421389D15A4B}.Debug|x64.ActiveCfg = Debug|x64
		{E2533685-9A1D-4719-A302-421389D15A4B}.Debug|x64.Build.0 = Debug|x64
		{E2533685-9A1D-4719-A302-421389D15A4B}.Debug|x86.ActiveCfg = Debug|Win32
		{E2533685-9A1D-4719-A302-421389D15A4B}.Debug|x86.Build.0 = Debug|Win32
		{E2533685-9A1D-4719-A302-421389D15A4B}.Release|x64.ActiveCfg = Release|x64
		{E2533685-9A1D-4719-A302-421389D15A4B}.Release|x64.Build.0 = Release|x64
		{E2533685-9A1D-4719-A302-421389D15A4B}.Release|x86.ActiveCfg = Release|Win32
		{E2533685-9A1D-4719-A302-421389D15A4B}.Release|x86.Build.0 = Release|Win32
		{AAF18263-44FF-45AC-987F-7B1169D48904}.Debug|x64.ActiveCfg = Debug|x64
		{AAF18263-44FF-45AC-987F-7B1169D48904}.Debug|x64.Build.0 = Debug|x64
		{AAF18263-44FF-45AC-987F-7B1169D48904}.Debug|x86.ActiveCfg = Debug|Win32
		{AAF18263-44FF-45AC-987F-7B1169D48904}.Debug|x86.Build.0 = Debug|Win32
		{AAF18263-44FF-45AC-987F-7B1169D48904}.Release|x64.ActiveCfg = Release|x64
		{AAF18263-44FF-45AC-987F-7B1169D48904}.Release|x64.Build.0 = Release|x64
		{AAF18263-44FF-45AC-987F-7B1169D48904}.Release|x86.ActiveCfg = Release|Win32
		{AAF18263-44FF-45AC-987F-7B1169D48904}.Release|x86.Build.0 = Release|Win32
		{D338FD4E-167E-4932-BC4D-1F9CBDEC62F0}.Debug|x64.ActiveCfg = Debug|x64
		{D338FD4E-167E-4932-BC4D-1F9CBDEC62F0}.Debug|x64.Build.0 = Debug|x64
		{D338FD4E-167E-4932-BC4D-1F9CBDEC62F0}.Debug|x86.ActiveCfg = Debug|Win32
		{D338FD4E-167E-4932-BC4D-1F9CBDEC62F0}.Debug|x86.Build.0 = Debug|Win32
		{D338FD4E-167E-4932-BC4D-1F9CBDEC62F0}.Release|x64.ActiveCfg = Release|x64
		{D338FD4E-167E-4932-BC4D-1F9CBDEC62F0}.Release|x64.Build.0 = Release|x64
		{D338FD4E-167E-4932-BC4D-1F9CBDEC62F0}.Release|x86.ActiveCfg = Release|Win32
		{D338FD4E-167E-4932-BC4D-1F9CBDEC62F0}.Release|x86.Build.0 = Release|Win32
		{0F7FFE30-3DA9-4DB8-AAD5-2E53FF3FBF22}.Debug|x64.ActiveCfg = Debug|x64
		{0F7FFE30-3DA9-4DB8-AAD5-2E53FF3FBF22}.Debug|x64.Build.0 = Debug|x64
		{0F7FFE30-3DA9-4DB8-AAD5-2E53FF3FBF22}.Debug|x86.ActiveCfg = Debug|Win32
		{0F7FFE30-3DA9-4DB8-AAD5-2E53FF3FBF22}.Debug|x86.Build.0 = Debug|Win32
		{0F7FFE30-3DA9-4DB8-AAD5-2E53FF3FBF22}.Release|x64.ActiveCfg = Release|x64
		{0F7FFE30-3DA9-4DB8-AAD5-2E53FF3FBF22}.Release|x64.Build.0 = Release|x64
		{0F7FFE30-3DA9-4DB8-AAD5-2E53FF3FBF22}.Release|x86.ActiveCfg = Release|Win32
		{0F7FFE30-3DA9-4DB8-AAD5-2E53FF3FBF22}.Release|x86.Build.0 = Release|Win32
		{9723F420-CF01-4762-A601-F3E7DC094C42}.Debug|x64.ActiveCfg = Debug|x64
		{9723F420-CF01-4762-A601-F3E7DC094C42}.Debug|x64.Build.0 = Debug|x64
		{9723F420-CF01-4762-A601-F3E7DC094C42}.Debug|x86.ActiveCfg = Debug|Win32
		{9723F420-CF01-4762-A601-F3E7DC094C42}.Debug|x86.Build.0 = Debug|Win32
		{9723F420-CF01-4762-A601-F3E7DC094C42}.Release|x64.ActiveCfg = Release|x64
		{9723F420-CF01-4762-A601-F3E7DC094C42}.Release|x64.Build.0 = Release|x64
		{9723F420-CF01-4762-A601-F3E7DC094C42}.Release|x86.ActiveCfg = Release|Win32
		{9723F420-CF01-4762-A601-F3E7DC094C42}.Release|x86.Build.0 = Release|Win32
		{E8DA94AD-DE23-4121-80D4-56690FB44B34}.Debug|x64.ActiveCfg = Debug|x64
		{E8DA94AD-DE23-4121-80D4-56690FB44B34}.Debug|x64.Build.0 = Debug|x64
		{E8DA94AD-DE23-4121-80D4-56690FB44B34}.Debug|x86.ActiveCfg = Debug|Win32
		{E8DA94AD-DE23-4121-80D4-56690FB44B34}.Debug|x86.Build.0 = Debug|Win32
		{E8DA94AD-DE23-4121-80D4-56690FB44B34}.Release|x64.ActiveCfg = Release|x64
		{E8DA94AD-DE23-4121-80D4-56690FB44B34}.Release|x64.Build.0 = Release|x64
		{E8DA94AD-DE23-4121-80D4-56690FB44B34}.Release|x86.ActiveCfg = Release|Win32
		{E8DA94AD-DE23-4121-80D4-56690FB44B34}.Release|x86.Build.0 = Release|Win32
	EndGlobalSection
	GlobalSection(SolutionProperties) = preSolution
		HideSolutionNode = FALSE
	EndGlobalSection
	GlobalSection(ExtensibilityGlobals) = postSolution
		SolutionGuid = {27F50158-AFF1-4003-ACB4-4B58F4AFB78B}
	EndGlobalSection
EndGlobal
